
Microsoft Visual Studio Solution File, Format Version 12.00
# Visual Studio Version 17
VisualStudioVersion = 17.1.32328.378
MinimumVisualStudioVersion = 10.0.40219.1
Project("{FAE04EC0-301F-11D3-BF4B-00C04F79EFBC}") = "PizzaApp", "PizzaApp\PizzaApp.csproj", "{5691F063-C0AD-45A4-B85B-DA3C41F1576D}"
EndProject
Global
	GlobalSection(SolutionConfigurationPlatforms) = preSolution
		Debug|Any CPU = Debug|Any CPU
		Release|Any CPU = Release|Any CPU
	EndGlobalSection
	GlobalSection(ProjectConfigurationPlatforms) = postSolution
		{5691F063-C0AD-45A4-B85B-DA3C41F1576D}.Debug|Any CPU.ActiveCfg = Debug|Any CPU
		{5691F063-C0AD-45A4-B85B-DA3C41F1576D}.Debug|Any CPU.Build.0 = Debug|Any CPU
		{5691F063-C0AD-45A4-B85B-DA3C41F1576D}.Release|Any CPU.ActiveCfg = Release|Any CPU
		{5691F063-C0AD-45A4-B85B-DA3C41F1576D}.Release|Any CPU.Build.0 = Release|Any CPU
	EndGlobalSection
	GlobalSection(SolutionProperties) = preSolution
		HideSolutionNode = FALSE
	EndGlobalSection
	GlobalSection(ExtensibilityGlobals) = postSolution
		SolutionGuid = {EBEAB897-898E-450D-B1B1-BF939F4B5873}
	EndGlobalSection
EndGlobal
